// !$*UTF8*$!
{
	archiveVersion = 1;
	classes = {
	};
	objectVersion = 50;
	objects = {

/* Begin PBXBuildFile section */
		D035BDC926BC2E3A0099E0F5 /* GeometryUtilities.swift in Sources */ = {isa = PBXBuildFile; fileRef = D035BDC826BC2E3A0099E0F5 /* GeometryUtilities.swift */; };
		D091E61F26B2E5C0000D91F1 /* AppDelegate.swift in Sources */ = {isa = PBXBuildFile; fileRef = D091E61E26B2E5C0000D91F1 /* AppDelegate.swift */; };
		D091E62126B2E5C0000D91F1 /* SceneDelegate.swift in Sources */ = {isa = PBXBuildFile; fileRef = D091E62026B2E5C0000D91F1 /* SceneDelegate.swift */; };
		D091E62326B2E5C0000D91F1 /* CameraViewController.swift in Sources */ = {isa = PBXBuildFile; fileRef = D091E62226B2E5C0000D91F1 /* CameraViewController.swift */; };
		D091E62626B2E5C0000D91F1 /* Main.storyboard in Resources */ = {isa = PBXBuildFile; fileRef = D091E62426B2E5C0000D91F1 /* Main.storyboard */; };
		D091E62826B2E5C8000D91F1 /* Assets.xcassets in Resources */ = {isa = PBXBuildFile; fileRef = D091E62726B2E5C8000D91F1 /* Assets.xcassets */; };
		D091E62B26B2E5C8000D91F1 /* LaunchScreen.storyboard in Resources */ = {isa = PBXBuildFile; fileRef = D091E62926B2E5C8000D91F1 /* LaunchScreen.storyboard */; };
		D091E63626B2E7C0000D91F1 /* CameraViewController+AVCaptureVideoDataOutputSampleBufferDelegate.swift in Sources */ = {isa = PBXBuildFile; fileRef = D091E63526B2E7C0000D91F1 /* CameraViewController+AVCaptureVideoDataOutputSampleBufferDelegate.swift */; };
		D091E63E26B43645000D91F1 /* FerrariObjectDetector.mlmodel in Sources */ = {isa = PBXBuildFile; fileRef = D091E63D26B43645000D91F1 /* FerrariObjectDetector.mlmodel */; };
/* End PBXBuildFile section */

/* Begin PBXFileReference section */
		D035BDC826BC2E3A0099E0F5 /* GeometryUtilities.swift */ = {isa = PBXFileReference; lastKnownFileType = sourcecode.swift; path = GeometryUtilities.swift; sourceTree = "<group>"; };
		D091E61B26B2E5C0000D91F1 /* Part Finder.app */ = {isa = PBXFileReference; explicitFileType = wrapper.application; includeInIndex = 0; path = "Part Finder.app"; sourceTree = BUILT_PRODUCTS_DIR; };
		D091E61E26B2E5C0000D91F1 /* AppDelegate.swift */ = {isa = PBXFileReference; lastKnownFileType = sourcecode.swift; path = AppDelegate.swift; sourceTree = "<group>"; };
		D091E62026B2E5C0000D91F1 /* SceneDelegate.swift */ = {isa = PBXFileReference; lastKnownFileType = sourcecode.swift; path = SceneDelegate.swift; sourceTree = "<group>"; };
		D091E62226B2E5C0000D91F1 /* CameraViewController.swift */ = {isa = PBXFileReference; lastKnownFileType = sourcecode.swift; path = CameraViewController.swift; sourceTree = "<group>"; };
		D091E62526B2E5C0000D91F1 /* Base */ = {isa = PBXFileReference; lastKnownFileType = file.storyboard; name = Base; path = Base.lproj/Main.storyboard; sourceTree = "<group>"; };
		D091E62726B2E5C8000D91F1 /* Assets.xcassets */ = {isa = PBXFileReference; lastKnownFileType = folder.assetcatalog; path = Assets.xcassets; sourceTree = "<group>"; };
		D091E62A26B2E5C8000D91F1 /* Base */ = {isa = PBXFileReference; lastKnownFileType = file.storyboard; name = Base; path = Base.lproj/LaunchScreen.storyboard; sourceTree = "<group>"; };
		D091E62C26B2E5C8000D91F1 /* Info.plist */ = {isa = PBXFileReference; lastKnownFileType = text.plist.xml; path = Info.plist; sourceTree = "<group>"; };
		D091E63526B2E7C0000D91F1 /* CameraViewController+AVCaptureVideoDataOutputSampleBufferDelegate.swift */ = {isa = PBXFileReference; lastKnownFileType = sourcecode.swift; path = "CameraViewController+AVCaptureVideoDataOutputSampleBufferDelegate.swift"; sourceTree = "<group>"; };
		D091E63D26B43645000D91F1 /* FerrariObjectDetector.mlmodel */ = {isa = PBXFileReference; lastKnownFileType = file.mlmodel; path = FerrariObjectDetector.mlmodel; sourceTree = "<group>"; };
/* End PBXFileReference section */

/* Begin PBXFrameworksBuildPhase section */
		D091E61826B2E5C0000D91F1 /* Frameworks */ = {
			isa = PBXFrameworksBuildPhase;
			buildActionMask = 2147483647;
			files = (
			);
			runOnlyForDeploymentPostprocessing = 0;
		};
/* End PBXFrameworksBuildPhase section */

/* Begin PBXGroup section */
		D035BDC726BC2E100099E0F5 /* Utilities */ = {
			isa = PBXGroup;
			children = (
				D035BDC826BC2E3A0099E0F5 /* GeometryUtilities.swift */,
			);
			path = Utilities;
			sourceTree = "<group>";
		};
		D091E61226B2E5C0000D91F1 = {
			isa = PBXGroup;
			children = (
				D091E61D26B2E5C0000D91F1 /* Part Finder */,
				D091E61C26B2E5C0000D91F1 /* Products */,
			);
			sourceTree = "<group>";
		};
		D091E61C26B2E5C0000D91F1 /* Products */ = {
			isa = PBXGroup;
			children = (
				D091E61B26B2E5C0000D91F1 /* Part Finder.app */,
			);
			name = Products;
			sourceTree = "<group>";
		};
		D091E61D26B2E5C0000D91F1 /* Part Finder */ = {
			isa = PBXGroup;
			children = (
				D035BDC726BC2E100099E0F5 /* Utilities */,
				D091E63226B2E730000D91F1 /* Views */,
				D091E62426B2E5C0000D91F1 /* Main.storyboard */,
				D091E63D26B43645000D91F1 /* FerrariObjectDetector.mlmodel */,
				D091E62726B2E5C8000D91F1 /* Assets.xcassets */,
				D091E62926B2E5C8000D91F1 /* LaunchScreen.storyboard */,
				D091E62C26B2E5C8000D91F1 /* Info.plist */,
			);
			path = "Part Finder";
			sourceTree = "<group>";
		};
		D091E63226B2E730000D91F1 /* Views */ = {
			isa = PBXGroup;
			children = (
				D091E63426B2E74D000D91F1 /* Boilerplate */,
				D091E63326B2E738000D91F1 /* CameraViewController */,
			);
			path = Views;
			sourceTree = "<group>";
		};
		D091E63326B2E738000D91F1 /* CameraViewController */ = {
			isa = PBXGroup;
			children = (
				D091E62226B2E5C0000D91F1 /* CameraViewController.swift */,
				D091E63526B2E7C0000D91F1 /* CameraViewController+AVCaptureVideoDataOutputSampleBufferDelegate.swift */,
			);
			path = CameraViewController;
			sourceTree = "<group>";
		};
		D091E63426B2E74D000D91F1 /* Boilerplate */ = {
			isa = PBXGroup;
			children = (
				D091E61E26B2E5C0000D91F1 /* AppDelegate.swift */,
				D091E62026B2E5C0000D91F1 /* SceneDelegate.swift */,
			);
			path = Boilerplate;
			sourceTree = "<group>";
		};
/* End PBXGroup section */

/* Begin PBXNativeTarget section */
		D091E61A26B2E5C0000D91F1 /* Part Finder */ = {
			isa = PBXNativeTarget;
			buildConfigurationList = D091E62F26B2E5C8000D91F1 /* Build configuration list for PBXNativeTarget "Part Finder" */;
			buildPhases = (
				D091E61726B2E5C0000D91F1 /* Sources */,
				D091E61826B2E5C0000D91F1 /* Frameworks */,
				D091E61926B2E5C0000D91F1 /* Resources */,
			);
			buildRules = (
			);
			dependencies = (
			);
			name = "Part Finder";
			productName = "Part Finder";
			productReference = D091E61B26B2E5C0000D91F1 /* Part Finder.app */;
			productType = "com.apple.product-type.application";
		};
/* End PBXNativeTarget section */

/* Begin PBXProject section */
		D091E61326B2E5C0000D91F1 /* Project object */ = {
			isa = PBXProject;
			attributes = {
				LastSwiftUpdateCheck = 1250;
				LastUpgradeCheck = 1250;
				TargetAttributes = {
					D091E61A26B2E5C0000D91F1 = {
						CreatedOnToolsVersion = 12.5.1;
					};
				};
			};
			buildConfigurationList = D091E61626B2E5C0000D91F1 /* Build configuration list for PBXProject "Part Finder" */;
			compatibilityVersion = "Xcode 9.3";
			developmentRegion = en;
			hasScannedForEncodings = 0;
			knownRegions = (
				en,
				Base,
			);
			mainGroup = D091E61226B2E5C0000D91F1;
			productRefGroup = D091E61C26B2E5C0000D91F1 /* Products */;
			projectDirPath = "";
			projectRoot = "";
			targets = (
				D091E61A26B2E5C0000D91F1 /* Part Finder */,
			);
		};
/* End PBXProject section */

/* Begin PBXResourcesBuildPhase section */
		D091E61926B2E5C0000D91F1 /* Resources */ = {
			isa = PBXResourcesBuildPhase;
			buildActionMask = 2147483647;
			files = (
				D091E62B26B2E5C8000D91F1 /* LaunchScreen.storyboard in Resources */,
				D091E62826B2E5C8000D91F1 /* Assets.xcassets in Resources */,
				D091E62626B2E5C0000D91F1 /* Main.storyboard in Resources */,
			);
			runOnlyForDeploymentPostprocessing = 0;
		};
/* End PBXResourcesBuildPhase section */

/* Begin PBXSourcesBuildPhase section */
		D091E61726B2E5C0000D91F1 /* Sources */ = {
			isa = PBXSourcesBuildPhase;
			buildActionMask = 2147483647;
			files = (
				D091E62326B2E5C0000D91F1 /* CameraViewController.swift in Sources */,
				D091E61F26B2E5C0000D91F1 /* AppDelegate.swift in Sources */,
				D091E63E26B43645000D91F1 /* FerrariObjectDetector.mlmodel in Sources */,
				D091E63626B2E7C0000D91F1 /* CameraViewController+AVCaptureVideoDataOutputSampleBufferDelegate.swift in Sources */,
				D035BDC926BC2E3A0099E0F5 /* GeometryUtilities.swift in Sources */,
				D091E62126B2E5C0000D91F1 /* SceneDelegate.swift in Sources */,
			);
			runOnlyForDeploymentPostprocessing = 0;
		};
/* End PBXSourcesBuildPhase section */

/* Begin PBXVariantGroup section */
		D091E62426B2E5C0000D91F1 /* Main.storyboard */ = {
			isa = PBXVariantGroup;
			children = (
				D091E62526B2E5C0000D91F1 /* Base */,
			);
			name = Main.storyboard;
			sourceTree = "<group>";
		};
		D091E62926B2E5C8000D91F1 /* LaunchScreen.storyboard */ = {
			isa = PBXVariantGroup;
			children = (
				D091E62A26B2E5C8000D91F1 /* Base */,
			);
			name = LaunchScreen.storyboard;
			sourceTree = "<group>";
		};
/* End PBXVariantGroup section */

/* Begin XCBuildConfiguration section */
		D091E62D26B2E5C8000D91F1 /* Debug */ = {
			isa = XCBuildConfiguration;
			buildSettings = {
				ALWAYS_SEARCH_USER_PATHS = NO;
				CLANG_ANALYZER_NONNULL = YES;
				CLANG_ANALYZER_NUMBER_OBJECT_CONVERSION = YES_AGGRESSIVE;
				CLANG_CXX_LANGUAGE_STANDARD = "gnu++14";
				CLANG_CXX_LIBRARY = "libc++";
				CLANG_ENABLE_MODULES = YES;
				CLANG_ENABLE_OBJC_ARC = YES;
				CLANG_ENABLE_OBJC_WEAK = YES;
				CLANG_WARN_BLOCK_CAPTURE_AUTORELEASING = YES;
				CLANG_WARN_BOOL_CONVERSION = YES;
				CLANG_WARN_COMMA = YES;
				CLANG_WARN_CONSTANT_CONVERSION = YES;
				CLANG_WARN_DEPRECATED_OBJC_IMPLEMENTATIONS = YES;
				CLANG_WARN_DIRECT_OBJC_ISA_USAGE = YES_ERROR;
				CLANG_WARN_DOCUMENTATION_COMMENTS = YES;
				CLANG_WARN_EMPTY_BODY = YES;
				CLANG_WARN_ENUM_CONVERSION = YES;
				CLANG_WARN_INFINITE_RECURSION = YES;
				CLANG_WARN_INT_CONVERSION = YES;
				CLANG_WARN_NON_LITERAL_NULL_CONVERSION = YES;
				CLANG_WARN_OBJC_IMPLICIT_RETAIN_SELF = YES;
				CLANG_WARN_OBJC_LITERAL_CONVERSION = YES;
				CLANG_WARN_OBJC_ROOT_CLASS = YES_ERROR;
				CLANG_WARN_QUOTED_INCLUDE_IN_FRAMEWORK_HEADER = YES;
				CLANG_WARN_RANGE_LOOP_ANALYSIS = YES;
				CLANG_WARN_STRICT_PROTOTYPES = YES;
				CLANG_WARN_SUSPICIOUS_MOVE = YES;
				CLANG_WARN_UNGUARDED_AVAILABILITY = YES_AGGRESSIVE;
				CLANG_WARN_UNREACHABLE_CODE = YES;
				CLANG_WARN__DUPLICATE_METHOD_MATCH = YES;
				COPY_PHASE_STRIP = NO;
				DEBUG_INFORMATION_FORMAT = dwarf;
				ENABLE_STRICT_OBJC_MSGSEND = YES;
				ENABLE_TESTABILITY = YES;
				GCC_C_LANGUAGE_STANDARD = gnu11;
				GCC_DYNAMIC_NO_PIC = NO;
				GCC_NO_COMMON_BLOCKS = YES;
				GCC_OPTIMIZATION_LEVEL = 0;
				GCC_PREPROCESSOR_DEFINITIONS = (
					"DEBUG=1",
					"$(inherited)",
				);
				GCC_WARN_64_TO_32_BIT_CONVERSION = YES;
				GCC_WARN_ABOUT_RETURN_TYPE = YES_ERROR;
				GCC_WARN_UNDECLARED_SELECTOR = YES;
				GCC_WARN_UNINITIALIZED_AUTOS = YES_AGGRESSIVE;
				GCC_WARN_UNUSED_FUNCTION = YES;
				GCC_WARN_UNUSED_VARIABLE = YES;
				IPHONEOS_DEPLOYMENT_TARGET = 14.5;
				MTL_ENABLE_DEBUG_INFO = INCLUDE_SOURCE;
				MTL_FAST_MATH = YES;
				ONLY_ACTIVE_ARCH = YES;
				SDKROOT = iphoneos;
				SWIFT_ACTIVE_COMPILATION_CONDITIONS = DEBUG;
				SWIFT_OPTIMIZATION_LEVEL = "-Onone";
			};
			name = Debug;
		};
		D091E62E26B2E5C8000D91F1 /* Release */ = {
			isa = XCBuildConfiguration;
			buildSettings = {
				ALWAYS_SEARCH_USER_PATHS = NO;
				CLANG_ANALYZER_NONNULL = YES;
				CLANG_ANALYZER_NUMBER_OBJECT_CONVERSION = YES_AGGRESSIVE;
				CLANG_CXX_LANGUAGE_STANDARD = "gnu++14";
				CLANG_CXX_LIBRARY = "libc++";
				CLANG_ENABLE_MODULES = YES;
				CLANG_ENABLE_OBJC_ARC = YES;
				CLANG_ENABLE_OBJC_WEAK = YES;
				CLANG_WARN_BLOCK_CAPTURE_AUTORELEASING = YES;
				CLANG_WARN_BOOL_CONVERSION = YES;
				CLANG_WARN_COMMA = YES;
				CLANG_WARN_CONSTANT_CONVERSION = YES;
				CLANG_WARN_DEPRECATED_OBJC_IMPLEMENTATIONS = YES;
				CLANG_WARN_DIRECT_OBJC_ISA_USAGE = YES_ERROR;
				CLANG_WARN_DOCUMENTATION_COMMENTS = YES;
				CLANG_WARN_EMPTY_BODY = YES;
				CLANG_WARN_ENUM_CONVERSION = YES;
				CLANG_WARN_INFINITE_RECURSION = YES;
				CLANG_WARN_INT_CONVERSION = YES;
				CLANG_WARN_NON_LITERAL_NULL_CONVERSION = YES;
				CLANG_WARN_OBJC_IMPLICIT_RETAIN_SELF = YES;
				CLANG_WARN_OBJC_LITERAL_CONVERSION = YES;
				CLANG_WARN_OBJC_ROOT_CLASS = YES_ERROR;
				CLANG_WARN_QUOTED_INCLUDE_IN_FRAMEWORK_HEADER = YES;
				CLANG_WARN_RANGE_LOOP_ANALYSIS = YES;
				CLANG_WARN_STRICT_PROTOTYPES = YES;
				CLANG_WARN_SUSPICIOUS_MOVE = YES;
				CLANG_WARN_UNGUARDED_AVAILABILITY = YES_AGGRESSIVE;
				CLANG_WARN_UNREACHABLE_CODE = YES;
				CLANG_WARN__DUPLICATE_METHOD_MATCH = YES;
				COPY_PHASE_STRIP = NO;
				DEBUG_INFORMATION_FORMAT = "dwarf-with-dsym";
				ENABLE_NS_ASSERTIONS = NO;
				ENABLE_STRICT_OBJC_MSGSEND = YES;
				GCC_C_LANGUAGE_STANDARD = gnu11;
				GCC_NO_COMMON_BLOCKS = YES;
				GCC_WARN_64_TO_32_BIT_CONVERSION = YES;
				GCC_WARN_ABOUT_RETURN_TYPE = YES_ERROR;
				GCC_WARN_UNDECLARED_SELECTOR = YES;
				GCC_WARN_UNINITIALIZED_AUTOS = YES_AGGRESSIVE;
				GCC_WARN_UNUSED_FUNCTION = YES;
				GCC_WARN_UNUSED_VARIABLE = YES;
				IPHONEOS_DEPLOYMENT_TARGET = 14.5;
				MTL_ENABLE_DEBUG_INFO = NO;
				MTL_FAST_MATH = YES;
				SDKROOT = iphoneos;
				SWIFT_COMPILATION_MODE = wholemodule;
				SWIFT_OPTIMIZATION_LEVEL = "-O";
				VALIDATE_PRODUCT = YES;
			};
			name = Release;
		};
		D091E63026B2E5C8000D91F1 /* Debug */ = {
			isa = XCBuildConfiguration;
			buildSettings = {
				ASSETCATALOG_COMPILER_APPICON_NAME = AppIcon;
				ASSETCATALOG_COMPILER_GLOBAL_ACCENT_COLOR_NAME = AccentColor;
				CODE_SIGN_STYLE = Automatic;
				DEVELOPMENT_TEAM = C2NSPAKWYK;
				INFOPLIST_FILE = "Part Finder/Info.plist";
				LD_RUNPATH_SEARCH_PATHS = (
					"$(inherited)",
					"@executable_path/Frameworks",
				);
				PRODUCT_BUNDLE_IDENTIFIER = "joakes.Part-Finder";
				PRODUCT_NAME = "$(TARGET_NAME)";
				SWIFT_VERSION = 5.0;
				TARGETED_DEVICE_FAMILY = "1,2";
			};
			name = Debug;
		};
		D091E63126B2E5C8000D91F1 /* Release */ = {
			isa = XCBuildConfiguration;
			buildSettings = {
				ASSETCATALOG_COMPILER_APPICON_NAME = AppIcon;
				ASSETCATALOG_COMPILER_GLOBAL_ACCENT_COLOR_NAME = AccentColor;
				CODE_SIGN_STYLE = Automatic;
				DEVELOPMENT_TEAM = C2NSPAKWYK;
				INFOPLIST_FILE = "Part Finder/Info.plist";
				LD_RUNPATH_SEARCH_PATHS = (
					"$(inherited)",
					"@executable_path/Frameworks",
				);
				PRODUCT_BUNDLE_IDENTIFIER = "joakes.Part-Finder";
				PRODUCT_NAME = "$(TARGET_NAME)";
				SWIFT_VERSION = 5.0;
				TARGETED_DEVICE_FAMILY = "1,2";
			};
			name = Release;
		};
/* End XCBuildConfiguration section */

/* Begin XCConfigurationList section */
		D091E61626B2E5C0000D91F1 /* Build configuration list for PBXProject "Part Finder" */ = {
			isa = XCConfigurationList;
			buildConfigurations = (
				D091E62D26B2E5C8000D91F1 /* Debug */,
				D091E62E26B2E5C8000D91F1 /* Release */,
			);
			defaultConfigurationIsVisible = 0;
			defaultConfigurationName = Release;
		};
		D091E62F26B2E5C8000D91F1 /* Build configuration list for PBXNativeTarget "Part Finder" */ = {
			isa = XCConfigurationList;
			buildConfigurations = (
				D091E63026B2E5C8000D91F1 /* Debug */,
				D091E63126B2E5C8000D91F1 /* Release */,
			);
			defaultConfigurationIsVisible = 0;
			defaultConfigurationName = Release;
		};
/* End XCConfigurationList section */
	};
	rootObject = D091E61326B2E5C0000D91F1 /* Project object */;
}
